PODS:
  - CLTypingLabel (0.4.0)
  - GTMSessionFetcher (4.1.0):
    - GTMSessionFetcher/Full (= 4.1.0)
  - GTMSessionFetcher/Core (4.1.0)
  - GTMSessionFetcher/Full (4.1.0):
    - GTMSessionFetcher/Core

DEPENDENCIES:
  - CLTypingLabel (~> 0.4.0)
  - GTMSessionFetcher (~> 4.1.0)

SPEC REPOS:
  trunk:
    - CLTypingLabel
    - GTMSessionFetcher

SPEC CHECKSUMS:
  CLTypingLabel: 95a7d1faf7e3d1d952cd11cb0491d17d80c50934
  GTMSessionFetcher: 923b710231ad3d6f3f0495ac1ced35421e07d9a6

PODFILE CHECKSUM: a6167d2e24687d5672d88115c9530152fc8906cd

COCOAPODS: 1.15.2
